
Microsoft Visual Studio Solution File, Format Version 12.00
# Visual Studio Version 16
VisualStudioVersion = 16.0.31005.135
MinimumVisualStudioVersion = 10.0.40219.1
Project("{9A19103F-16F7-4668-BE54-9A1E7A4F7556}") = "Backendi", "Backendi.csproj", "{2A9A8722-D558-411C-B2EE-31CCEFCF234F}"
EndProject
Global
	GlobalSection(SolutionConfigurationPlatforms) = preSolution
		Debug|Any CPU = Debug|Any CPU
		Release|Any CPU = Release|Any CPU
	EndGlobalSection
	GlobalSection(ProjectConfigurationPlatforms) = postSolution
		{2A9A8722-D558-411C-B2EE-31CCEFCF234F}.Debug|Any CPU.ActiveCfg = Debug|Any CPU
		{2A9A8722-D558-411C-B2EE-31CCEFCF234F}.Debug|Any CPU.Build.0 = Debug|Any CPU
		{2A9A8722-D558-411C-B2EE-31CCEFCF234F}.Release|Any CPU.ActiveCfg = Release|Any CPU
		{2A9A8722-D558-411C-B2EE-31CCEFCF234F}.Release|Any CPU.Build.0 = Release|Any CPU
	EndGlobalSection
	GlobalSection(SolutionProperties) = preSolution
		HideSolutionNode = FALSE
	EndGlobalSection
	GlobalSection(ExtensibilityGlobals) = postSolution
		SolutionGuid = {A507A605-DAB6-4838-8B2C-1113585B6C06}
	EndGlobalSection
EndGlobal
